// !$*UTF8*$!
{
	archiveVersion = 1;
	classes = {
	};
	objectVersion = 46;
	objects = {

/* Begin PBXBuildFile section */
		12EC0A711B5559CD00FD0864 /* AppDelegate.swift in Sources */ = {isa = PBXBuildFile; fileRef = 12EC0A701B5559CD00FD0864 /* AppDelegate.swift */; };
		12EC0A731B5559CD00FD0864 /* MasterViewController.swift in Sources */ = {isa = PBXBuildFile; fileRef = 12EC0A721B5559CD00FD0864 /* MasterViewController.swift */; };
		12EC0A751B5559CD00FD0864 /* DetailViewController.swift in Sources */ = {isa = PBXBuildFile; fileRef = 12EC0A741B5559CD00FD0864 /* DetailViewController.swift */; };
		12EC0A781B5559CD00FD0864 /* Main.storyboard in Resources */ = {isa = PBXBuildFile; fileRef = 12EC0A761B5559CD00FD0864 /* Main.storyboard */; };
		12EC0A7A1B5559CD00FD0864 /* Images.xcassets in Resources */ = {isa = PBXBuildFile; fileRef = 12EC0A791B5559CD00FD0864 /* Images.xcassets */; };
		12EC0A7D1B5559CD00FD0864 /* LaunchScreen.xib in Resources */ = {isa = PBXBuildFile; fileRef = 12EC0A7B1B5559CD00FD0864 /* LaunchScreen.xib */; };
		12EC0A891B5559CD00FD0864 /* NCMBiOS_GoogleTests.swift in Sources */ = {isa = PBXBuildFile; fileRef = 12EC0A881B5559CD00FD0864 /* NCMBiOS_GoogleTests.swift */; };
/* End PBXBuildFile section */

/* Begin PBXContainerItemProxy section */
		12EC0A831B5559CD00FD0864 /* PBXContainerItemProxy */ = {
			isa = PBXContainerItemProxy;
			containerPortal = 12EC0A631B5559CD00FD0864 /* Project object */;
			proxyType = 1;
			remoteGlobalIDString = 12EC0A6A1B5559CD00FD0864;
			remoteInfo = NCMBiOS_Google;
		};
/* End PBXContainerItemProxy section */

/* Begin PBXFileReference section */
		12EC0A6B1B5559CD00FD0864 /* NCMBiOS_Google.app */ = {isa = PBXFileReference; explicitFileType = wrapper.application; includeInIndex = 0; path = NCMBiOS_Google.app; sourceTree = BUILT_PRODUCTS_DIR; };
		12EC0A6F1B5559CD00FD0864 /* Info.plist */ = {isa = PBXFileReference; lastKnownFileType = text.plist.xml; path = Info.plist; sourceTree = "<group>"; };
		12EC0A701B5559CD00FD0864 /* AppDelegate.swift */ = {isa = PBXFileReference; lastKnownFileType = sourcecode.swift; path = AppDelegate.swift; sourceTree = "<group>"; };
		12EC0A721B5559CD00FD0864 /* MasterViewController.swift */ = {isa = PBXFileReference; lastKnownFileType = sourcecode.swift; path = MasterViewController.swift; sourceTree = "<group>"; };
		12EC0A741B5559CD00FD0864 /* DetailViewController.swift */ = {isa = PBXFileReference; lastKnownFileType = sourcecode.swift; path = DetailViewController.swift; sourceTree = "<group>"; };
		12EC0A771B5559CD00FD0864 /* Base */ = {isa = PBXFileReference; lastKnownFileType = file.storyboard; name = Base; path = Base.lproj/Main.storyboard; sourceTree = "<group>"; };
		12EC0A791B5559CD00FD0864 /* Images.xcassets */ = {isa = PBXFileReference; lastKnownFileType = folder.assetcatalog; path = Images.xcassets; sourceTree = "<group>"; };
		12EC0A7C1B5559CD00FD0864 /* Base */ = {isa = PBXFileReference; lastKnownFileType = file.xib; name = Base; path = Base.lproj/LaunchScreen.xib; sourceTree = "<group>"; };
		12EC0A821B5559CD00FD0864 /* NCMBiOS_GoogleTests.xctest */ = {isa = PBXFileReference; explicitFileType = wrapper.cfbundle; includeInIndex = 0; path = NCMBiOS_GoogleTests.xctest; sourceTree = BUILT_PRODUCTS_DIR; };
		12EC0A871B5559CD00FD0864 /* Info.plist */ = {isa = PBXFileReference; lastKnownFileType = text.plist.xml; path = Info.plist; sourceTree = "<group>"; };
		12EC0A881B5559CD00FD0864 /* NCMBiOS_GoogleTests.swift */ = {isa = PBXFileReference; lastKnownFileType = sourcecode.swift; path = NCMBiOS_GoogleTests.swift; sourceTree = "<group>"; };
/* End PBXFileReference section */

/* Begin PBXFrameworksBuildPhase section */
		12EC0A681B5559CD00FD0864 /* Frameworks */ = {
			isa = PBXFrameworksBuildPhase;
			buildActionMask = 2147483647;
			files = (
			);
			runOnlyForDeploymentPostprocessing = 0;
		};
		12EC0A7F1B5559CD00FD0864 /* Frameworks */ = {
			isa = PBXFrameworksBuildPhase;
			buildActionMask = 2147483647;
			files = (
			);
			runOnlyForDeploymentPostprocessing = 0;
		};
/* End PBXFrameworksBuildPhase section */

/* Begin PBXGroup section */
		12EC0A621B5559CD00FD0864 = {
			isa = PBXGroup;
			children = (
				12EC0A6D1B5559CD00FD0864 /* NCMBiOS_Google */,
				12EC0A851B5559CD00FD0864 /* NCMBiOS_GoogleTests */,
				12EC0A6C1B5559CD00FD0864 /* Products */,
			);
			sourceTree = "<group>";
		};
		12EC0A6C1B5559CD00FD0864 /* Products */ = {
			isa = PBXGroup;
			children = (
				12EC0A6B1B5559CD00FD0864 /* NCMBiOS_Google.app */,
				12EC0A821B5559CD00FD0864 /* NCMBiOS_GoogleTests.xctest */,
			);
			name = Products;
			sourceTree = "<group>";
		};
		12EC0A6D1B5559CD00FD0864 /* NCMBiOS_Google */ = {
			isa = PBXGroup;
			children = (
				12EC0A701B5559CD00FD0864 /* AppDelegate.swift */,
				12EC0A721B5559CD00FD0864 /* MasterViewController.swift */,
				12EC0A741B5559CD00FD0864 /* DetailViewController.swift */,
				12EC0A761B5559CD00FD0864 /* Main.storyboard */,
				12EC0A791B5559CD00FD0864 /* Images.xcassets */,
				12EC0A7B1B5559CD00FD0864 /* LaunchScreen.xib */,
				12EC0A6E1B5559CD00FD0864 /* Supporting Files */,
			);
			path = NCMBiOS_Google;
			sourceTree = "<group>";
		};
		12EC0A6E1B5559CD00FD0864 /* Supporting Files */ = {
			isa = PBXGroup;
			children = (
				12EC0A6F1B5559CD00FD0864 /* Info.plist */,
			);
			name = "Supporting Files";
			sourceTree = "<group>";
		};
		12EC0A851B5559CD00FD0864 /* NCMBiOS_GoogleTests */ = {
			isa = PBXGroup;
			children = (
				12EC0A881B5559CD00FD0864 /* NCMBiOS_GoogleTests.swift */,
				12EC0A861B5559CD00FD0864 /* Supporting Files */,
			);
			path = NCMBiOS_GoogleTests;
			sourceTree = "<group>";
		};
		12EC0A861B5559CD00FD0864 /* Supporting Files */ = {
			isa = PBXGroup;
			children = (
				12EC0A871B5559CD00FD0864 /* Info.plist */,
			);
			name = "Supporting Files";
			sourceTree = "<group>";
		};
/* End PBXGroup section */

/* Begin PBXNativeTarget section */
		12EC0A6A1B5559CD00FD0864 /* NCMBiOS_Google */ = {
			isa = PBXNativeTarget;
			buildConfigurationList = 12EC0A8C1B5559CD00FD0864 /* Build configuration list for PBXNativeTarget "NCMBiOS_Google" */;
			buildPhases = (
				12EC0A671B5559CD00FD0864 /* Sources */,
				12EC0A681B5559CD00FD0864 /* Frameworks */,
				12EC0A691B5559CD00FD0864 /* Resources */,
			);
			buildRules = (
			);
			dependencies = (
			);
			name = NCMBiOS_Google;
			productName = NCMBiOS_Google;
			productReference = 12EC0A6B1B5559CD00FD0864 /* NCMBiOS_Google.app */;
			productType = "com.apple.product-type.application";
		};
		12EC0A811B5559CD00FD0864 /* NCMBiOS_GoogleTests */ = {
			isa = PBXNativeTarget;
			buildConfigurationList = 12EC0A8F1B5559CD00FD0864 /* Build configuration list for PBXNativeTarget "NCMBiOS_GoogleTests" */;
			buildPhases = (
				12EC0A7E1B5559CD00FD0864 /* Sources */,
				12EC0A7F1B5559CD00FD0864 /* Frameworks */,
				12EC0A801B5559CD00FD0864 /* Resources */,
			);
			buildRules = (
			);
			dependencies = (
				12EC0A841B5559CD00FD0864 /* PBXTargetDependency */,
			);
			name = NCMBiOS_GoogleTests;
			productName = NCMBiOS_GoogleTests;
			productReference = 12EC0A821B5559CD00FD0864 /* NCMBiOS_GoogleTests.xctest */;
			productType = "com.apple.product-type.bundle.unit-test";
		};
/* End PBXNativeTarget section */

/* Begin PBXProject section */
		12EC0A631B5559CD00FD0864 /* Project object */ = {
			isa = PBXProject;
			attributes = {
				LastUpgradeCheck = 0640;
				ORGANIZATIONNAME = "Naoki Tsutsui";
				TargetAttributes = {
					12EC0A6A1B5559CD00FD0864 = {
						CreatedOnToolsVersion = 6.4;
					};
					12EC0A811B5559CD00FD0864 = {
						CreatedOnToolsVersion = 6.4;
						TestTargetID = 12EC0A6A1B5559CD00FD0864;
					};
				};
			};
			buildConfigurationList = 12EC0A661B5559CD00FD0864 /* Build configuration list for PBXProject "NCMBiOS_Google" */;
			compatibilityVersion = "Xcode 3.2";
			developmentRegion = English;
			hasScannedForEncodings = 0;
			knownRegions = (
				en,
				Base,
			);
			mainGroup = 12EC0A621B5559CD00FD0864;
			productRefGroup = 12EC0A6C1B5559CD00FD0864 /* Products */;
			projectDirPath = "";
			projectRoot = "";
			targets = (
				12EC0A6A1B5559CD00FD0864 /* NCMBiOS_Google */,
				12EC0A811B5559CD00FD0864 /* NCMBiOS_GoogleTests */,
			);
		};
/* End PBXProject section */

/* Begin PBXResourcesBuildPhase section */
		12EC0A691B5559CD00FD0864 /* Resources */ = {
			isa = PBXResourcesBuildPhase;
			buildActionMask = 2147483647;
			files = (
				12EC0A781B5559CD00FD0864 /* Main.storyboard in Resources */,
				12EC0A7D1B5559CD00FD0864 /* LaunchScreen.xib in Resources */,
				12EC0A7A1B5559CD00FD0864 /* Images.xcassets in Resources */,
			);
			runOnlyForDeploymentPostprocessing = 0;
		};
		12EC0A801B5559CD00FD0864 /* Resources */ = {
			isa = PBXResourcesBuildPhase;
			buildActionMask = 2147483647;
			files = (
			);
			runOnlyForDeploymentPostprocessing = 0;
		};
/* End PBXResourcesBuildPhase section */

/* Begin PBXSourcesBuildPhase section */
		12EC0A671B5559CD00FD0864 /* Sources */ = {
			isa = PBXSourcesBuildPhase;
			buildActionMask = 2147483647;
			files = (
				12EC0A751B5559CD00FD0864 /* DetailViewController.swift in Sources */,
				12EC0A731B5559CD00FD0864 /* MasterViewController.swift in Sources */,
				12EC0A711B5559CD00FD0864 /* AppDelegate.swift in Sources */,
			);
			runOnlyForDeploymentPostprocessing = 0;
		};
		12EC0A7E1B5559CD00FD0864 /* Sources */ = {
			isa = PBXSourcesBuildPhase;
			buildActionMask = 2147483647;
			files = (
				12EC0A891B5559CD00FD0864 /* NCMBiOS_GoogleTests.swift in Sources */,
			);
			runOnlyForDeploymentPostprocessing = 0;
		};
/* End PBXSourcesBuildPhase section */

/* Begin PBXTargetDependency section */
		12EC0A841B5559CD00FD0864 /* PBXTargetDependency */ = {
			isa = PBXTargetDependency;
			target = 12EC0A6A1B5559CD00FD0864 /* NCMBiOS_Google */;
			targetProxy = 12EC0A831B5559CD00FD0864 /* PBXContainerItemProxy */;
		};
/* End PBXTargetDependency section */

/* Begin PBXVariantGroup section */
		12EC0A761B5559CD00FD0864 /* Main.storyboard */ = {
			isa = PBXVariantGroup;
			children = (
				12EC0A771B5559CD00FD0864 /* Base */,
			);
			name = Main.storyboard;
			sourceTree = "<group>";
		};
		12EC0A7B1B5559CD00FD0864 /* LaunchScreen.xib */ = {
			isa = PBXVariantGroup;
			children = (
				12EC0A7C1B5559CD00FD0864 /* Base */,
			);
			name = LaunchScreen.xib;
			sourceTree = "<group>";
		};
/* End PBXVariantGroup section */

/* Begin XCBuildConfiguration section */
		12EC0A8A1B5559CD00FD0864 /* Debug */ = {
			isa = XCBuildConfiguration;
			buildSettings = {
				ALWAYS_SEARCH_USER_PATHS = NO;
				CLANG_CXX_LANGUAGE_STANDARD = "gnu++0x";
				CLANG_CXX_LIBRARY = "libc++";
				CLANG_ENABLE_MODULES = YES;
				CLANG_ENABLE_OBJC_ARC = YES;
				CLANG_WARN_BOOL_CONVERSION = YES;
				CLANG_WARN_CONSTANT_CONVERSION = YES;
				CLANG_WARN_DIRECT_OBJC_ISA_USAGE = YES_ERROR;
				CLANG_WARN_EMPTY_BODY = YES;
				CLANG_WARN_ENUM_CONVERSION = YES;
				CLANG_WARN_INT_CONVERSION = YES;
				CLANG_WARN_OBJC_ROOT_CLASS = YES_ERROR;
				CLANG_WARN_UNREACHABLE_CODE = YES;
				CLANG_WARN__DUPLICATE_METHOD_MATCH = YES;
				"CODE_SIGN_IDENTITY[sdk=iphoneos*]" = "iPhone Developer";
				COPY_PHASE_STRIP = NO;
				DEBUG_INFORMATION_FORMAT = "dwarf-with-dsym";
				ENABLE_STRICT_OBJC_MSGSEND = YES;
				GCC_C_LANGUAGE_STANDARD = gnu99;
				GCC_DYNAMIC_NO_PIC = NO;
				GCC_NO_COMMON_BLOCKS = YES;
				GCC_OPTIMIZATION_LEVEL = 0;
				GCC_PREPROCESSOR_DEFINITIONS = (
					"DEBUG=1",
					"$(inherited)",
				);
				GCC_SYMBOLS_PRIVATE_EXTERN = NO;
				GCC_WARN_64_TO_32_BIT_CONVERSION = YES;
				GCC_WARN_ABOUT_RETURN_TYPE = YES_ERROR;
				GCC_WARN_UNDECLARED_SELECTOR = YES;
				GCC_WARN_UNINITIALIZED_AUTOS = YES_AGGRESSIVE;
				GCC_WARN_UNUSED_FUNCTION = YES;
				GCC_WARN_UNUSED_VARIABLE = YES;
				IPHONEOS_DEPLOYMENT_TARGET = 8.4;
				MTL_ENABLE_DEBUG_INFO = YES;
				ONLY_ACTIVE_ARCH = YES;
				SDKROOT = iphoneos;
				SWIFT_OPTIMIZATION_LEVEL = "-Onone";
			};
			name = Debug;
		};
		12EC0A8B1B5559CD00FD0864 /* Release */ = {
			isa = XCBuildConfiguration;
			buildSettings = {
				ALWAYS_SEARCH_USER_PATHS = NO;
				CLANG_CXX_LANGUAGE_STANDARD = "gnu++0x";
				CLANG_CXX_LIBRARY = "libc++";
				CLANG_ENABLE_MODULES = YES;
				CLANG_ENABLE_OBJC_ARC = YES;
				CLANG_WARN_BOOL_CONVERSION = YES;
				CLANG_WARN_CONSTANT_CONVERSION = YES;
				CLANG_WARN_DIRECT_OBJC_ISA_USAGE = YES_ERROR;
				CLANG_WARN_EMPTY_BODY = YES;
				CLANG_WARN_ENUM_CONVERSION = YES;
				CLANG_WARN_INT_CONVERSION = YES;
				CLANG_WARN_OBJC_ROOT_CLASS = YES_ERROR;
				CLANG_WARN_UNREACHABLE_CODE = YES;
				CLANG_WARN__DUPLICATE_METHOD_MATCH = YES;
				"CODE_SIGN_IDENTITY[sdk=iphoneos*]" = "iPhone Developer";
				COPY_PHASE_STRIP = NO;
				DEBUG_INFORMATION_FORMAT = "dwarf-with-dsym";
				ENABLE_NS_ASSERTIONS = NO;
				ENABLE_STRICT_OBJC_MSGSEND = YES;
				GCC_C_LANGUAGE_STANDARD = gnu99;
				GCC_NO_COMMON_BLOCKS = YES;
				GCC_WARN_64_TO_32_BIT_CONVERSION = YES;
				GCC_WARN_ABOUT_RETURN_TYPE = YES_ERROR;
				GCC_WARN_UNDECLARED_SELECTOR = YES;
				GCC_WARN_UNINITIALIZED_AUTOS = YES_AGGRESSIVE;
				GCC_WARN_UNUSED_FUNCTION = YES;
				GCC_WARN_UNUSED_VARIABLE = YES;
				IPHONEOS_DEPLOYMENT_TARGET = 8.4;
				MTL_ENABLE_DEBUG_INFO = NO;
				SDKROOT = iphoneos;
				VALIDATE_PRODUCT = YES;
			};
			name = Release;
		};
		12EC0A8D1B5559CD00FD0864 /* Debug */ = {
			isa = XCBuildConfiguration;
			buildSettings = {
				ASSETCATALOG_COMPILER_APPICON_NAME = AppIcon;
				INFOPLIST_FILE = NCMBiOS_Google/Info.plist;
				LD_RUNPATH_SEARCH_PATHS = "$(inherited) @executable_path/Frameworks";
				PRODUCT_NAME = "$(TARGET_NAME)";
			};
			name = Debug;
		};
		12EC0A8E1B5559CD00FD0864 /* Release */ = {
			isa = XCBuildConfiguration;
			buildSettings = {
				ASSETCATALOG_COMPILER_APPICON_NAME = AppIcon;
				INFOPLIST_FILE = NCMBiOS_Google/Info.plist;
				LD_RUNPATH_SEARCH_PATHS = "$(inherited) @executable_path/Frameworks";
				PRODUCT_NAME = "$(TARGET_NAME)";
			};
			name = Release;
		};
		12EC0A901B5559CD00FD0864 /* Debug */ = {
			isa = XCBuildConfiguration;
			buildSettings = {
				BUNDLE_LOADER = "$(TEST_HOST)";
				FRAMEWORK_SEARCH_PATHS = (
					"$(SDKROOT)/Developer/Library/Frameworks",
					"$(inherited)",
				);
				GCC_PREPROCESSOR_DEFINITIONS = (
					"DEBUG=1",
					"$(inherited)",
				);
				INFOPLIST_FILE = NCMBiOS_GoogleTests/Info.plist;
				LD_RUNPATH_SEARCH_PATHS = "$(inherited) @executable_path/Frameworks @loader_path/Frameworks";
				PRODUCT_NAME = "$(TARGET_NAME)";
				TEST_HOST = "$(BUILT_PRODUCTS_DIR)/NCMBiOS_Google.app/NCMBiOS_Google";
			};
			name = Debug;
		};
		12EC0A911B5559CD00FD0864 /* Release */ = {
			isa = XCBuildConfiguration;
			buildSettings = {
				BUNDLE_LOADER = "$(TEST_HOST)";
				FRAMEWORK_SEARCH_PATHS = (
					"$(SDKROOT)/Developer/Library/Frameworks",
					"$(inherited)",
				);
				INFOPLIST_FILE = NCMBiOS_GoogleTests/Info.plist;
				LD_RUNPATH_SEARCH_PATHS = "$(inherited) @executable_path/Frameworks @loader_path/Frameworks";
				PRODUCT_NAME = "$(TARGET_NAME)";
				TEST_HOST = "$(BUILT_PRODUCTS_DIR)/NCMBiOS_Google.app/NCMBiOS_Google";
			};
			name = Release;
		};
/* End XCBuildConfiguration section */

/* Begin XCConfigurationList section */
		12EC0A661B5559CD00FD0864 /* Build configuration list for PBXProject "NCMBiOS_Google" */ = {
			isa = XCConfigurationList;
			buildConfigurations = (
				12EC0A8A1B5559CD00FD0864 /* Debug */,
				12EC0A8B1B5559CD00FD0864 /* Release */,
			);
			defaultConfigurationIsVisible = 0;
			defaultConfigurationName = Release;
		};
		12EC0A8C1B5559CD00FD0864 /* Build configuration list for PBXNativeTarget "NCMBiOS_Google" */ = {
			isa = XCConfigurationList;
			buildConfigurations = (
				12EC0A8D1B5559CD00FD0864 /* Debug */,
				12EC0A8E1B5559CD00FD0864 /* Release */,
			);
			defaultConfigurationIsVisible = 0;
		};
		12EC0A8F1B5559CD00FD0864 /* Build configuration list for PBXNativeTarget "NCMBiOS_GoogleTests" */ = {
			isa = XCConfigurationList;
			buildConfigurations = (
				12EC0A901B5559CD00FD0864 /* Debug */,
				12EC0A911B5559CD00FD0864 /* Release */,
			);
			defaultConfigurationIsVisible = 0;
		};
/* End XCConfigurationList section */
	};
	rootObject = 12EC0A631B5559CD00FD0864 /* Project object */;
}
